
Microsoft Visual Studio Solution File, Format Version 12.00
# Visual Studio 15
VisualStudioVersion = 15.0.28010.2026
MinimumVisualStudioVersion = 10.0.40219.1
Project("{FAE04EC0-301F-11D3-BF4B-00C04F79EFBC}") = "GraMonolitycznie", "GraMonolitycznie\GraMonolitycznie.csproj", "{77AB42B2-EC66-4502-A5E9-73E9714ED999}"
EndProject
Global
	GlobalSection(SolutionConfigurationPlatforms) = preSolution
		Debug|Any CPU = Debug|Any CPU
		Release|Any CPU = Release|Any CPU
	EndGlobalSection
	GlobalSection(ProjectConfigurationPlatforms) = postSolution
		{77AB42B2-EC66-4502-A5E9-73E9714ED999}.Debug|Any CPU.ActiveCfg = Debug|Any CPU
		{77AB42B2-EC66-4502-A5E9-73E9714ED999}.Debug|Any CPU.Build.0 = Debug|Any CPU
		{77AB42B2-EC66-4502-A5E9-73E9714ED999}.Release|Any CPU.ActiveCfg = Release|Any CPU
		{77AB42B2-EC66-4502-A5E9-73E9714ED999}.Release|Any CPU.Build.0 = Release|Any CPU
	EndGlobalSection
	GlobalSection(SolutionProperties) = preSolution
		HideSolutionNode = FALSE
	EndGlobalSection
	GlobalSection(ExtensibilityGlobals) = postSolution
		SolutionGuid = {0F5D27A1-7BEA-4BF5-9B63-52668C521326}
	EndGlobalSection
EndGlobal
