
Microsoft Visual Studio Solution File, Format Version 12.00
# Visual Studio 15
VisualStudioVersion = 15.0.28010.2026
MinimumVisualStudioVersion = 10.0.40219.1
Project("{FAE04EC0-301F-11D3-BF4B-00C04F79EFBC}") = "GraMonolitycznie", "GraMonolitycznie\GraMonolitycznie.csproj", "{77AB42B2-EC66-4502-A5E9-73E9714ED999}"
EndProject
Project("{FAE04EC0-301F-11D3-BF4B-00C04F79EFBC}") = "GraProceduralna", "GraProceduralna\GraProceduralna.csproj", "{AB332127-586C-4387-88C3-4B9F5A4E5509}"
EndProject
Project("{FAE04EC0-301F-11D3-BF4B-00C04F79EFBC}") = "ModelGry", "ModelGry\ModelGry.csproj", "{B4BB6E6A-579B-4521-9A52-4BFF1B565B64}"
EndProject
Project("{FAE04EC0-301F-11D3-BF4B-00C04F79EFBC}") = "ConsoleAppTestModelGry", "ConsoleAppTestModelGry\ConsoleAppTestModelGry.csproj", "{2CDCBC43-9BB8-4FD0-B9F0-77DC8AB0B781}"
EndProject
Project("{FAE04EC0-301F-11D3-BF4B-00C04F79EFBC}") = "UnitTestProjectModelGry", "UnitTestProjectModelGry\UnitTestProjectModelGry.csproj", "{89C61272-60F7-457C-A351-38C496687059}"
EndProject
Global
	GlobalSection(SolutionConfigurationPlatforms) = preSolution
		Debug|Any CPU = Debug|Any CPU
		Release|Any CPU = Release|Any CPU
	EndGlobalSection
	GlobalSection(ProjectConfigurationPlatforms) = postSolution
		{77AB42B2-EC66-4502-A5E9-73E9714ED999}.Debug|Any CPU.ActiveCfg = Debug|Any CPU
		{77AB42B2-EC66-4502-A5E9-73E9714ED999}.Debug|Any CPU.Build.0 = Debug|Any CPU
		{77AB42B2-EC66-4502-A5E9-73E9714ED999}.Release|Any CPU.ActiveCfg = Release|Any CPU
		{77AB42B2-EC66-4502-A5E9-73E9714ED999}.Release|Any CPU.Build.0 = Release|Any CPU
		{AB332127-586C-4387-88C3-4B9F5A4E5509}.Debug|Any CPU.ActiveCfg = Debug|Any CPU
		{AB332127-586C-4387-88C3-4B9F5A4E5509}.Debug|Any CPU.Build.0 = Debug|Any CPU
		{AB332127-586C-4387-88C3-4B9F5A4E5509}.Release|Any CPU.ActiveCfg = Release|Any CPU
		{AB332127-586C-4387-88C3-4B9F5A4E5509}.Release|Any CPU.Build.0 = Release|Any CPU
		{B4BB6E6A-579B-4521-9A52-4BFF1B565B64}.Debug|Any CPU.ActiveCfg = Debug|Any CPU
		{B4BB6E6A-579B-4521-9A52-4BFF1B565B64}.Debug|Any CPU.Build.0 = Debug|Any CPU
		{B4BB6E6A-579B-4521-9A52-4BFF1B565B64}.Release|Any CPU.ActiveCfg = Release|Any CPU
		{B4BB6E6A-579B-4521-9A52-4BFF1B565B64}.Release|Any CPU.Build.0 = Release|Any CPU
		{2CDCBC43-9BB8-4FD0-B9F0-77DC8AB0B781}.Debug|Any CPU.ActiveCfg = Debug|Any CPU
		{2CDCBC43-9BB8-4FD0-B9F0-77DC8AB0B781}.Debug|Any CPU.Build.0 = Debug|Any CPU
		{2CDCBC43-9BB8-4FD0-B9F0-77DC8AB0B781}.Release|Any CPU.ActiveCfg = Release|Any CPU
		{2CDCBC43-9BB8-4FD0-B9F0-77DC8AB0B781}.Release|Any CPU.Build.0 = Release|Any CPU
		{89C61272-60F7-457C-A351-38C496687059}.Debug|Any CPU.ActiveCfg = Debug|Any CPU
		{89C61272-60F7-457C-A351-38C496687059}.Debug|Any CPU.Build.0 = Debug|Any CPU
		{89C61272-60F7-457C-A351-38C496687059}.Release|Any CPU.ActiveCfg = Release|Any CPU
		{89C61272-60F7-457C-A351-38C496687059}.Release|Any CPU.Build.0 = Release|Any CPU
	EndGlobalSection
	GlobalSection(SolutionProperties) = preSolution
		HideSolutionNode = FALSE
	EndGlobalSection
	GlobalSection(ExtensibilityGlobals) = postSolution
		SolutionGuid = {0F5D27A1-7BEA-4BF5-9B63-52668C521326}
	EndGlobalSection
EndGlobal
